// !$*UTF8*$!
{
	archiveVersion = 1;
	classes = {
	};
	objectVersion = 51;
	objects = {

/* Begin PBXBuildFile section */
		177D296C57C5FE5801BCB451 /* Pods_DemoProjectTests.framework in Frameworks */ = {isa = PBXBuildFile; fileRef = F8173D66AEA9ADA0197FCA7F /* Pods_DemoProjectTests.framework */; };
		5B097C2B251A4351002A3A54 /* SliderCell.swift in Sources */ = {isa = PBXBuildFile; fileRef = 5B097C2A251A4351002A3A54 /* SliderCell.swift */; };
		5B314F0D2516AB17004AC155 /* FeedVC.swift in Sources */ = {isa = PBXBuildFile; fileRef = 5B314F0C2516AB17004AC155 /* FeedVC.swift */; };
		5B314F122516AB28004AC155 /* UploadVC.swift in Sources */ = {isa = PBXBuildFile; fileRef = 5B314F112516AB28004AC155 /* UploadVC.swift */; };
		5B314F222516ACB0004AC155 /* SignInVC.swift in Sources */ = {isa = PBXBuildFile; fileRef = 5B314F212516ACB0004AC155 /* SignInVC.swift */; };
		5B46177D2518159E00361BE8 /* FeedCell.swift in Sources */ = {isa = PBXBuildFile; fileRef = 5B46177C2518159E00361BE8 /* FeedCell.swift */; };
		5B6F7B422516A86B005B9316 /* AppDelegate.swift in Sources */ = {isa = PBXBuildFile; fileRef = 5B6F7B412516A86B005B9316 /* AppDelegate.swift */; };
		5B6F7B442516A86B005B9316 /* SceneDelegate.swift in Sources */ = {isa = PBXBuildFile; fileRef = 5B6F7B432516A86B005B9316 /* SceneDelegate.swift */; };
		5B6F7B462516A86B005B9316 /* ViewController.swift in Sources */ = {isa = PBXBuildFile; fileRef = 5B6F7B452516A86B005B9316 /* ViewController.swift */; };
		5B6F7B492516A86B005B9316 /* Main.storyboard in Resources */ = {isa = PBXBuildFile; fileRef = 5B6F7B472516A86B005B9316 /* Main.storyboard */; };
		5B6F7B4B2516A86C005B9316 /* Assets.xcassets in Resources */ = {isa = PBXBuildFile; fileRef = 5B6F7B4A2516A86C005B9316 /* Assets.xcassets */; };
		5B6F7B4E2516A86C005B9316 /* LaunchScreen.storyboard in Resources */ = {isa = PBXBuildFile; fileRef = 5B6F7B4C2516A86C005B9316 /* LaunchScreen.storyboard */; };
		5B6F7B592516A86C005B9316 /* DemoProjectTests.swift in Sources */ = {isa = PBXBuildFile; fileRef = 5B6F7B582516A86C005B9316 /* DemoProjectTests.swift */; };
		5B6F7B642516A86C005B9316 /* DemoProjectUITests.swift in Sources */ = {isa = PBXBuildFile; fileRef = 5B6F7B632516A86C005B9316 /* DemoProjectUITests.swift */; };
		93E53E544FEDA80FF488A35D /* Pods_DemoProject.framework in Frameworks */ = {isa = PBXBuildFile; fileRef = 1B818DF3CB57254CAECC7C37 /* Pods_DemoProject.framework */; };
		CF936D34FB5D2304897BAC74 /* Pods_DemoProject_DemoProjectUITests.framework in Frameworks */ = {isa = PBXBuildFile; fileRef = 5C556D11EDFA0B399A837D55 /* Pods_DemoProject_DemoProjectUITests.framework */; };
/* End PBXBuildFile section */

/* Begin PBXContainerItemProxy section */
		5B6F7B552516A86C005B9316 /* PBXContainerItemProxy */ = {
			isa = PBXContainerItemProxy;
			containerPortal = 5B6F7B362516A86B005B9316 /* Project object */;
			proxyType = 1;
			remoteGlobalIDString = 5B6F7B3D2516A86B005B9316;
			remoteInfo = DemoProject;
		};
		5B6F7B602516A86C005B9316 /* PBXContainerItemProxy */ = {
			isa = PBXContainerItemProxy;
			containerPortal = 5B6F7B362516A86B005B9316 /* Project object */;
			proxyType = 1;
			remoteGlobalIDString = 5B6F7B3D2516A86B005B9316;
			remoteInfo = DemoProject;
		};
/* End PBXContainerItemProxy section */

/* Begin PBXFileReference section */
		0BC0460BA29ADA52A8952E43 /* Pods-DemoProjectTests.debug.xcconfig */ = {isa = PBXFileReference; includeInIndex = 1; lastKnownFileType = text.xcconfig; name = "Pods-DemoProjectTests.debug.xcconfig"; path = "Target Support Files/Pods-DemoProjectTests/Pods-DemoProjectTests.debug.xcconfig"; sourceTree = "<group>"; };
		199CDA1814BA992202857F89 /* Pods-DemoProjectTests.release.xcconfig */ = {isa = PBXFileReference; includeInIndex = 1; lastKnownFileType = text.xcconfig; name = "Pods-DemoProjectTests.release.xcconfig"; path = "Target Support Files/Pods-DemoProjectTests/Pods-DemoProjectTests.release.xcconfig"; sourceTree = "<group>"; };
		1B818DF3CB57254CAECC7C37 /* Pods_DemoProject.framework */ = {isa = PBXFileReference; explicitFileType = wrapper.framework; includeInIndex = 0; path = Pods_DemoProject.framework; sourceTree = BUILT_PRODUCTS_DIR; };
		1D21878813FAE7B55B43173B /* Pods-DemoProject.debug.xcconfig */ = {isa = PBXFileReference; includeInIndex = 1; lastKnownFileType = text.xcconfig; name = "Pods-DemoProject.debug.xcconfig"; path = "Target Support Files/Pods-DemoProject/Pods-DemoProject.debug.xcconfig"; sourceTree = "<group>"; };
		1F825CC7299068CB8B80D0D6 /* Pods-DemoProject.release.xcconfig */ = {isa = PBXFileReference; includeInIndex = 1; lastKnownFileType = text.xcconfig; name = "Pods-DemoProject.release.xcconfig"; path = "Target Support Files/Pods-DemoProject/Pods-DemoProject.release.xcconfig"; sourceTree = "<group>"; };
		5B097BF2251A22B6002A3A54 /* DemoProject.entitlements */ = {isa = PBXFileReference; lastKnownFileType = text.plist.entitlements; path = DemoProject.entitlements; sourceTree = "<group>"; };
		5B097C2A251A4351002A3A54 /* SliderCell.swift */ = {isa = PBXFileReference; lastKnownFileType = sourcecode.swift; path = SliderCell.swift; sourceTree = "<group>"; };
		5B314F0C2516AB17004AC155 /* FeedVC.swift */ = {isa = PBXFileReference; lastKnownFileType = sourcecode.swift; path = FeedVC.swift; sourceTree = "<group>"; };
		5B314F112516AB28004AC155 /* UploadVC.swift */ = {isa = PBXFileReference; lastKnownFileType = sourcecode.swift; path = UploadVC.swift; sourceTree = "<group>"; };
		5B314F212516ACB0004AC155 /* SignInVC.swift */ = {isa = PBXFileReference; lastKnownFileType = sourcecode.swift; path = SignInVC.swift; sourceTree = "<group>"; };
		5B46177C2518159E00361BE8 /* FeedCell.swift */ = {isa = PBXFileReference; lastKnownFileType = sourcecode.swift; path = FeedCell.swift; sourceTree = "<group>"; };
		5B6F7B3E2516A86B005B9316 /* DemoProject.app */ = {isa = PBXFileReference; explicitFileType = wrapper.application; includeInIndex = 0; path = DemoProject.app; sourceTree = BUILT_PRODUCTS_DIR; };
		5B6F7B412516A86B005B9316 /* AppDelegate.swift */ = {isa = PBXFileReference; lastKnownFileType = sourcecode.swift; path = AppDelegate.swift; sourceTree = "<group>"; };
		5B6F7B432516A86B005B9316 /* SceneDelegate.swift */ = {isa = PBXFileReference; lastKnownFileType = sourcecode.swift; path = SceneDelegate.swift; sourceTree = "<group>"; };
		5B6F7B452516A86B005B9316 /* ViewController.swift */ = {isa = PBXFileReference; lastKnownFileType = sourcecode.swift; path = ViewController.swift; sourceTree = "<group>"; };
		5B6F7B482516A86B005B9316 /* Base */ = {isa = PBXFileReference; lastKnownFileType = file.storyboard; name = Base; path = Base.lproj/Main.storyboard; sourceTree = "<group>"; };
		5B6F7B4A2516A86C005B9316 /* Assets.xcassets */ = {isa = PBXFileReference; lastKnownFileType = folder.assetcatalog; path = Assets.xcassets; sourceTree = "<group>"; };
		5B6F7B4D2516A86C005B9316 /* Base */ = {isa = PBXFileReference; lastKnownFileType = file.storyboard; name = Base; path = Base.lproj/LaunchScreen.storyboard; sourceTree = "<group>"; };
		5B6F7B4F2516A86C005B9316 /* Info.plist */ = {isa = PBXFileReference; lastKnownFileType = text.plist.xml; path = Info.plist; sourceTree = "<group>"; };
		5B6F7B542516A86C005B9316 /* DemoProjectTests.xctest */ = {isa = PBXFileReference; explicitFileType = wrapper.cfbundle; includeInIndex = 0; path = DemoProjectTests.xctest; sourceTree = BUILT_PRODUCTS_DIR; };
		5B6F7B582516A86C005B9316 /* DemoProjectTests.swift */ = {isa = PBXFileReference; lastKnownFileType = sourcecode.swift; path = DemoProjectTests.swift; sourceTree = "<group>"; };
		5B6F7B5A2516A86C005B9316 /* Info.plist */ = {isa = PBXFileReference; lastKnownFileType = text.plist.xml; path = Info.plist; sourceTree = "<group>"; };
		5B6F7B5F2516A86C005B9316 /* DemoProjectUITests.xctest */ = {isa = PBXFileReference; explicitFileType = wrapper.cfbundle; includeInIndex = 0; path = DemoProjectUITests.xctest; sourceTree = BUILT_PRODUCTS_DIR; };
		5B6F7B632516A86C005B9316 /* DemoProjectUITests.swift */ = {isa = PBXFileReference; lastKnownFileType = sourcecode.swift; path = DemoProjectUITests.swift; sourceTree = "<group>"; };
		5B6F7B652516A86C005B9316 /* Info.plist */ = {isa = PBXFileReference; lastKnownFileType = text.plist.xml; path = Info.plist; sourceTree = "<group>"; };
		5C556D11EDFA0B399A837D55 /* Pods_DemoProject_DemoProjectUITests.framework */ = {isa = PBXFileReference; explicitFileType = wrapper.framework; includeInIndex = 0; path = Pods_DemoProject_DemoProjectUITests.framework; sourceTree = BUILT_PRODUCTS_DIR; };
		73FDBCF3571327D68695CB8A /* Pods-DemoProject-DemoProjectUITests.debug.xcconfig */ = {isa = PBXFileReference; includeInIndex = 1; lastKnownFileType = text.xcconfig; name = "Pods-DemoProject-DemoProjectUITests.debug.xcconfig"; path = "Target Support Files/Pods-DemoProject-DemoProjectUITests/Pods-DemoProject-DemoProjectUITests.debug.xcconfig"; sourceTree = "<group>"; };
		E21B668FFC833B6AAFB11CA9 /* Pods-DemoProject-DemoProjectUITests.release.xcconfig */ = {isa = PBXFileReference; includeInIndex = 1; lastKnownFileType = text.xcconfig; name = "Pods-DemoProject-DemoProjectUITests.release.xcconfig"; path = "Target Support Files/Pods-DemoProject-DemoProjectUITests/Pods-DemoProject-DemoProjectUITests.release.xcconfig"; sourceTree = "<group>"; };
		F8173D66AEA9ADA0197FCA7F /* Pods_DemoProjectTests.framework */ = {isa = PBXFileReference; explicitFileType = wrapper.framework; includeInIndex = 0; path = Pods_DemoProjectTests.framework; sourceTree = BUILT_PRODUCTS_DIR; };
/* End PBXFileReference section */

/* Begin PBXFrameworksBuildPhase section */
		5B6F7B3B2516A86B005B9316 /* Frameworks */ = {
			isa = PBXFrameworksBuildPhase;
			buildActionMask = 2147483647;
			files = (
				93E53E544FEDA80FF488A35D /* Pods_DemoProject.framework in Frameworks */,
			);
			runOnlyForDeploymentPostprocessing = 0;
		};
		5B6F7B512516A86C005B9316 /* Frameworks */ = {
			isa = PBXFrameworksBuildPhase;
			buildActionMask = 2147483647;
			files = (
				177D296C57C5FE5801BCB451 /* Pods_DemoProjectTests.framework in Frameworks */,
			);
			runOnlyForDeploymentPostprocessing = 0;
		};
		5B6F7B5C2516A86C005B9316 /* Frameworks */ = {
			isa = PBXFrameworksBuildPhase;
			buildActionMask = 2147483647;
			files = (
				CF936D34FB5D2304897BAC74 /* Pods_DemoProject_DemoProjectUITests.framework in Frameworks */,
			);
			runOnlyForDeploymentPostprocessing = 0;
		};
/* End PBXFrameworksBuildPhase section */

/* Begin PBXGroup section */
		5B6F7B352516A86B005B9316 = {
			isa = PBXGroup;
			children = (
				5B6F7B402516A86B005B9316 /* DemoProject */,
				5B6F7B572516A86C005B9316 /* DemoProjectTests */,
				5B6F7B622516A86C005B9316 /* DemoProjectUITests */,
				5B6F7B3F2516A86B005B9316 /* Products */,
				BDBE5E605B24C77AC52ACE8A /* Pods */,
				86526C1D7EAACB4B16CE6455 /* Frameworks */,
			);
			sourceTree = "<group>";
		};
		5B6F7B3F2516A86B005B9316 /* Products */ = {
			isa = PBXGroup;
			children = (
				5B6F7B3E2516A86B005B9316 /* DemoProject.app */,
				5B6F7B542516A86C005B9316 /* DemoProjectTests.xctest */,
				5B6F7B5F2516A86C005B9316 /* DemoProjectUITests.xctest */,
			);
			name = Products;
			sourceTree = "<group>";
		};
		5B6F7B402516A86B005B9316 /* DemoProject */ = {
			isa = PBXGroup;
			children = (
				5B097BF2251A22B6002A3A54 /* DemoProject.entitlements */,
				5B6F7B412516A86B005B9316 /* AppDelegate.swift */,
				5B6F7B432516A86B005B9316 /* SceneDelegate.swift */,
				5B6F7B452516A86B005B9316 /* ViewController.swift */,
				5B097C2A251A4351002A3A54 /* SliderCell.swift */,
				5B314F112516AB28004AC155 /* UploadVC.swift */,
				5B314F0C2516AB17004AC155 /* FeedVC.swift */,
				5B46177C2518159E00361BE8 /* FeedCell.swift */,
				5B314F212516ACB0004AC155 /* SignInVC.swift */,
				5B6F7B472516A86B005B9316 /* Main.storyboard */,
				5B6F7B4A2516A86C005B9316 /* Assets.xcassets */,
				5B6F7B4C2516A86C005B9316 /* LaunchScreen.storyboard */,
				5B6F7B4F2516A86C005B9316 /* Info.plist */,
			);
			path = DemoProject;
			sourceTree = "<group>";
		};
		5B6F7B572516A86C005B9316 /* DemoProjectTests */ = {
			isa = PBXGroup;
			children = (
				5B6F7B582516A86C005B9316 /* DemoProjectTests.swift */,
				5B6F7B5A2516A86C005B9316 /* Info.plist */,
			);
			path = DemoProjectTests;
			sourceTree = "<group>";
		};
		5B6F7B622516A86C005B9316 /* DemoProjectUITests */ = {
			isa = PBXGroup;
			children = (
				5B6F7B632516A86C005B9316 /* DemoProjectUITests.swift */,
				5B6F7B652516A86C005B9316 /* Info.plist */,
			);
			path = DemoProjectUITests;
			sourceTree = "<group>";
		};
		86526C1D7EAACB4B16CE6455 /* Frameworks */ = {
			isa = PBXGroup;
			children = (
				1B818DF3CB57254CAECC7C37 /* Pods_DemoProject.framework */,
				5C556D11EDFA0B399A837D55 /* Pods_DemoProject_DemoProjectUITests.framework */,
				F8173D66AEA9ADA0197FCA7F /* Pods_DemoProjectTests.framework */,
			);
			name = Frameworks;
			sourceTree = "<group>";
		};
		BDBE5E605B24C77AC52ACE8A /* Pods */ = {
			isa = PBXGroup;
			children = (
				1D21878813FAE7B55B43173B /* Pods-DemoProject.debug.xcconfig */,
				1F825CC7299068CB8B80D0D6 /* Pods-DemoProject.release.xcconfig */,
				73FDBCF3571327D68695CB8A /* Pods-DemoProject-DemoProjectUITests.debug.xcconfig */,
				E21B668FFC833B6AAFB11CA9 /* Pods-DemoProject-DemoProjectUITests.release.xcconfig */,
				0BC0460BA29ADA52A8952E43 /* Pods-DemoProjectTests.debug.xcconfig */,
				199CDA1814BA992202857F89 /* Pods-DemoProjectTests.release.xcconfig */,
			);
			path = Pods;
			sourceTree = "<group>";
		};
/* End PBXGroup section */

/* Begin PBXNativeTarget section */
		5B6F7B3D2516A86B005B9316 /* DemoProject */ = {
			isa = PBXNativeTarget;
			buildConfigurationList = 5B6F7B682516A86C005B9316 /* Build configuration list for PBXNativeTarget "DemoProject" */;
			buildPhases = (
				46E18884A932A14F7DD133D4 /* [CP] Check Pods Manifest.lock */,
				5B6F7B3A2516A86B005B9316 /* Sources */,
				5B6F7B3B2516A86B005B9316 /* Frameworks */,
				5B6F7B3C2516A86B005B9316 /* Resources */,
				9341B8C8FF4C40A48AE0394F /* [CP] Embed Pods Frameworks */,
			);
			buildRules = (
			);
			dependencies = (
			);
			name = DemoProject;
			productName = DemoProject;
			productReference = 5B6F7B3E2516A86B005B9316 /* DemoProject.app */;
			productType = "com.apple.product-type.application";
		};
		5B6F7B532516A86C005B9316 /* DemoProjectTests */ = {
			isa = PBXNativeTarget;
			buildConfigurationList = 5B6F7B6B2516A86C005B9316 /* Build configuration list for PBXNativeTarget "DemoProjectTests" */;
			buildPhases = (
				1006BDF0EF51612B1D61A547 /* [CP] Check Pods Manifest.lock */,
				5B6F7B502516A86C005B9316 /* Sources */,
				5B6F7B512516A86C005B9316 /* Frameworks */,
				5B6F7B522516A86C005B9316 /* Resources */,
			);
			buildRules = (
			);
			dependencies = (
				5B6F7B562516A86C005B9316 /* PBXTargetDependency */,
			);
			name = DemoProjectTests;
			productName = DemoProjectTests;
			productReference = 5B6F7B542516A86C005B9316 /* DemoProjectTests.xctest */;
			productType = "com.apple.product-type.bundle.unit-test";
		};
		5B6F7B5E2516A86C005B9316 /* DemoProjectUITests */ = {
			isa = PBXNativeTarget;
			buildConfigurationList = 5B6F7B6E2516A86C005B9316 /* Build configuration list for PBXNativeTarget "DemoProjectUITests" */;
			buildPhases = (
				DF99B8EBA6071B3283FA1EEA /* [CP] Check Pods Manifest.lock */,
				5B6F7B5B2516A86C005B9316 /* Sources */,
				5B6F7B5C2516A86C005B9316 /* Frameworks */,
				5B6F7B5D2516A86C005B9316 /* Resources */,
				0851748055C76F51F0E433A8 /* [CP] Embed Pods Frameworks */,
			);
			buildRules = (
			);
			dependencies = (
				5B6F7B612516A86C005B9316 /* PBXTargetDependency */,
			);
			name = DemoProjectUITests;
			productName = DemoProjectUITests;
			productReference = 5B6F7B5F2516A86C005B9316 /* DemoProjectUITests.xctest */;
			productType = "com.apple.product-type.bundle.ui-testing";
		};
/* End PBXNativeTarget section */

/* Begin PBXProject section */
		5B6F7B362516A86B005B9316 /* Project object */ = {
			isa = PBXProject;
			attributes = {
				LastSwiftUpdateCheck = 1200;
				LastUpgradeCheck = 1200;
				TargetAttributes = {
					5B6F7B3D2516A86B005B9316 = {
						CreatedOnToolsVersion = 12.0;
					};
					5B6F7B532516A86C005B9316 = {
						CreatedOnToolsVersion = 12.0;
						TestTargetID = 5B6F7B3D2516A86B005B9316;
					};
					5B6F7B5E2516A86C005B9316 = {
						CreatedOnToolsVersion = 12.0;
						TestTargetID = 5B6F7B3D2516A86B005B9316;
					};
				};
			};
			buildConfigurationList = 5B6F7B392516A86B005B9316 /* Build configuration list for PBXProject "DemoProject" */;
			compatibilityVersion = "Xcode 9.3";
			developmentRegion = en;
			hasScannedForEncodings = 0;
			knownRegions = (
				en,
				Base,
			);
			mainGroup = 5B6F7B352516A86B005B9316;
			productRefGroup = 5B6F7B3F2516A86B005B9316 /* Products */;
			projectDirPath = "";
			projectRoot = "";
			targets = (
				5B6F7B3D2516A86B005B9316 /* DemoProject */,
				5B6F7B532516A86C005B9316 /* DemoProjectTests */,
				5B6F7B5E2516A86C005B9316 /* DemoProjectUITests */,
			);
		};
/* End PBXProject section */

/* Begin PBXResourcesBuildPhase section */
		5B6F7B3C2516A86B005B9316 /* Resources */ = {
			isa = PBXResourcesBuildPhase;
			buildActionMask = 2147483647;
			files = (
				5B6F7B4E2516A86C005B9316 /* LaunchScreen.storyboard in Resources */,
				5B6F7B4B2516A86C005B9316 /* Assets.xcassets in Resources */,
				5B6F7B492516A86B005B9316 /* Main.storyboard in Resources */,
			);
			runOnlyForDeploymentPostprocessing = 0;
		};
		5B6F7B522516A86C005B9316 /* Resources */ = {
			isa = PBXResourcesBuildPhase;
			buildActionMask = 2147483647;
			files = (
			);
			runOnlyForDeploymentPostprocessing = 0;
		};
		5B6F7B5D2516A86C005B9316 /* Resources */ = {
			isa = PBXResourcesBuildPhase;
			buildActionMask = 2147483647;
			files = (
			);
			runOnlyForDeploymentPostprocessing = 0;
		};
/* End PBXResourcesBuildPhase section */

/* Begin PBXShellScriptBuildPhase section */
		0851748055C76F51F0E433A8 /* [CP] Embed Pods Frameworks */ = {
			isa = PBXShellScriptBuildPhase;
			buildActionMask = 2147483647;
			files = (
			);
			inputFileListPaths = (
				"${PODS_ROOT}/Target Support Files/Pods-DemoProject-DemoProjectUITests/Pods-DemoProject-DemoProjectUITests-frameworks-${CONFIGURATION}-input-files.xcfilelist",
			);
			name = "[CP] Embed Pods Frameworks";
			outputFileListPaths = (
				"${PODS_ROOT}/Target Support Files/Pods-DemoProject-DemoProjectUITests/Pods-DemoProject-DemoProjectUITests-frameworks-${CONFIGURATION}-output-files.xcfilelist",
			);
			runOnlyForDeploymentPostprocessing = 0;
			shellPath = /bin/sh;
			shellScript = "\"${PODS_ROOT}/Target Support Files/Pods-DemoProject-DemoProjectUITests/Pods-DemoProject-DemoProjectUITests-frameworks.sh\"\n";
			showEnvVarsInLog = 0;
		};
		1006BDF0EF51612B1D61A547 /* [CP] Check Pods Manifest.lock */ = {
			isa = PBXShellScriptBuildPhase;
			buildActionMask = 2147483647;
			files = (
			);
			inputFileListPaths = (
			);
			inputPaths = (
				"${PODS_PODFILE_DIR_PATH}/Podfile.lock",
				"${PODS_ROOT}/Manifest.lock",
			);
			name = "[CP] Check Pods Manifest.lock";
			outputFileListPaths = (
			);
			outputPaths = (
				"$(DERIVED_FILE_DIR)/Pods-DemoProjectTests-checkManifestLockResult.txt",
			);
			runOnlyForDeploymentPostprocessing = 0;
			shellPath = /bin/sh;
			shellScript = "diff \"${PODS_PODFILE_DIR_PATH}/Podfile.lock\" \"${PODS_ROOT}/Manifest.lock\" > /dev/null\nif [ $? != 0 ] ; then\n    # print error to STDERR\n    echo \"error: The sandbox is not in sync with the Podfile.lock. Run 'pod install' or update your CocoaPods installation.\" >&2\n    exit 1\nfi\n# This output is used by Xcode 'outputs' to avoid re-running this script phase.\necho \"SUCCESS\" > \"${SCRIPT_OUTPUT_FILE_0}\"\n";
			showEnvVarsInLog = 0;
		};
		46E18884A932A14F7DD133D4 /* [CP] Check Pods Manifest.lock */ = {
			isa = PBXShellScriptBuildPhase;
			buildActionMask = 2147483647;
			files = (
			);
			inputFileListPaths = (
			);
			inputPaths = (
				"${PODS_PODFILE_DIR_PATH}/Podfile.lock",
				"${PODS_ROOT}/Manifest.lock",
			);
			name = "[CP] Check Pods Manifest.lock";
			outputFileListPaths = (
			);
			outputPaths = (
				"$(DERIVED_FILE_DIR)/Pods-DemoProject-checkManifestLockResult.txt",
			);
			runOnlyForDeploymentPostprocessing = 0;
			shellPath = /bin/sh;
			shellScript = "diff \"${PODS_PODFILE_DIR_PATH}/Podfile.lock\" \"${PODS_ROOT}/Manifest.lock\" > /dev/null\nif [ $? != 0 ] ; then\n    # print error to STDERR\n    echo \"error: The sandbox is not in sync with the Podfile.lock. Run 'pod install' or update your CocoaPods installation.\" >&2\n    exit 1\nfi\n# This output is used by Xcode 'outputs' to avoid re-running this script phase.\necho \"SUCCESS\" > \"${SCRIPT_OUTPUT_FILE_0}\"\n";
			showEnvVarsInLog = 0;
		};
		9341B8C8FF4C40A48AE0394F /* [CP] Embed Pods Frameworks */ = {
			isa = PBXShellScriptBuildPhase;
			buildActionMask = 2147483647;
			files = (
			);
			inputFileListPaths = (
				"${PODS_ROOT}/Target Support Files/Pods-DemoProject/Pods-DemoProject-frameworks-${CONFIGURATION}-input-files.xcfilelist",
			);
			name = "[CP] Embed Pods Frameworks";
			outputFileListPaths = (
				"${PODS_ROOT}/Target Support Files/Pods-DemoProject/Pods-DemoProject-frameworks-${CONFIGURATION}-output-files.xcfilelist",
			);
			runOnlyForDeploymentPostprocessing = 0;
			shellPath = /bin/sh;
			shellScript = "\"${PODS_ROOT}/Target Support Files/Pods-DemoProject/Pods-DemoProject-frameworks.sh\"\n";
			showEnvVarsInLog = 0;
		};
		DF99B8EBA6071B3283FA1EEA /* [CP] Check Pods Manifest.lock */ = {
			isa = PBXShellScriptBuildPhase;
			buildActionMask = 2147483647;
			files = (
			);
			inputFileListPaths = (
			);
			inputPaths = (
				"${PODS_PODFILE_DIR_PATH}/Podfile.lock",
				"${PODS_ROOT}/Manifest.lock",
			);
			name = "[CP] Check Pods Manifest.lock";
			outputFileListPaths = (
			);
			outputPaths = (
				"$(DERIVED_FILE_DIR)/Pods-DemoProject-DemoProjectUITests-checkManifestLockResult.txt",
			);
			runOnlyForDeploymentPostprocessing = 0;
			shellPath = /bin/sh;
			shellScript = "diff \"${PODS_PODFILE_DIR_PATH}/Podfile.lock\" \"${PODS_ROOT}/Manifest.lock\" > /dev/null\nif [ $? != 0 ] ; then\n    # print error to STDERR\n    echo \"error: The sandbox is not in sync with the Podfile.lock. Run 'pod install' or update your CocoaPods installation.\" >&2\n    exit 1\nfi\n# This output is used by Xcode 'outputs' to avoid re-running this script phase.\necho \"SUCCESS\" > \"${SCRIPT_OUTPUT_FILE_0}\"\n";
			showEnvVarsInLog = 0;
		};
/* End PBXShellScriptBuildPhase section */

/* Begin PBXSourcesBuildPhase section */
		5B6F7B3A2516A86B005B9316 /* Sources */ = {
			isa = PBXSourcesBuildPhase;
			buildActionMask = 2147483647;
			files = (
				5B46177D2518159E00361BE8 /* FeedCell.swift in Sources */,
				5B314F0D2516AB17004AC155 /* FeedVC.swift in Sources */,
				5B6F7B462516A86B005B9316 /* ViewController.swift in Sources */,
				5B314F222516ACB0004AC155 /* SignInVC.swift in Sources */,
				5B6F7B422516A86B005B9316 /* AppDelegate.swift in Sources */,
				5B314F122516AB28004AC155 /* UploadVC.swift in Sources */,
				5B097C2B251A4351002A3A54 /* SliderCell.swift in Sources */,
				5B6F7B442516A86B005B9316 /* SceneDelegate.swift in Sources */,
			);
			runOnlyForDeploymentPostprocessing = 0;
		};
		5B6F7B502516A86C005B9316 /* Sources */ = {
			isa = PBXSourcesBuildPhase;
			buildActionMask = 2147483647;
			files = (
				5B6F7B592516A86C005B9316 /* DemoProjectTests.swift in Sources */,
			);
			runOnlyForDeploymentPostprocessing = 0;
		};
		5B6F7B5B2516A86C005B9316 /* Sources */ = {
			isa = PBXSourcesBuildPhase;
			buildActionMask = 2147483647;
			files = (
				5B6F7B642516A86C005B9316 /* DemoProjectUITests.swift in Sources */,
			);
			runOnlyForDeploymentPostprocessing = 0;
		};
/* End PBXSourcesBuildPhase section */

/* Begin PBXTargetDependency section */
		5B6F7B562516A86C005B9316 /* PBXTargetDependency */ = {
			isa = PBXTargetDependency;
			target = 5B6F7B3D2516A86B005B9316 /* DemoProject */;
			targetProxy = 5B6F7B552516A86C005B9316 /* PBXContainerItemProxy */;
		};
		5B6F7B612516A86C005B9316 /* PBXTargetDependency */ = {
			isa = PBXTargetDependency;
			target = 5B6F7B3D2516A86B005B9316 /* DemoProject */;
			targetProxy = 5B6F7B602516A86C005B9316 /* PBXContainerItemProxy */;
		};
/* End PBXTargetDependency section */

/* Begin PBXVariantGroup section */
		5B6F7B472516A86B005B9316 /* Main.storyboard */ = {
			isa = PBXVariantGroup;
			children = (
				5B6F7B482516A86B005B9316 /* Base */,
			);
			name = Main.storyboard;
			sourceTree = "<group>";
		};
		5B6F7B4C2516A86C005B9316 /* LaunchScreen.storyboard */ = {
			isa = PBXVariantGroup;
			children = (
				5B6F7B4D2516A86C005B9316 /* Base */,
			);
			name = LaunchScreen.storyboard;
			sourceTree = "<group>";
		};
/* End PBXVariantGroup section */

/* Begin XCBuildConfiguration section */
		5B6F7B662516A86C005B9316 /* Debug */ = {
			isa = XCBuildConfiguration;
			buildSettings = {
				ALWAYS_SEARCH_USER_PATHS = NO;
				CLANG_ANALYZER_NONNULL = YES;
				CLANG_ANALYZER_NUMBER_OBJECT_CONVERSION = YES_AGGRESSIVE;
				CLANG_CXX_LANGUAGE_STANDARD = "gnu++14";
				CLANG_CXX_LIBRARY = "libc++";
				CLANG_ENABLE_MODULES = YES;
				CLANG_ENABLE_OBJC_ARC = YES;
				CLANG_ENABLE_OBJC_WEAK = YES;
				CLANG_WARN_BLOCK_CAPTURE_AUTORELEASING = YES;
				CLANG_WARN_BOOL_CONVERSION = YES;
				CLANG_WARN_COMMA = YES;
				CLANG_WARN_CONSTANT_CONVERSION = YES;
				CLANG_WARN_DEPRECATED_OBJC_IMPLEMENTATIONS = YES;
				CLANG_WARN_DIRECT_OBJC_ISA_USAGE = YES_ERROR;
				CLANG_WARN_DOCUMENTATION_COMMENTS = YES;
				CLANG_WARN_EMPTY_BODY = YES;
				CLANG_WARN_ENUM_CONVERSION = YES;
				CLANG_WARN_INFINITE_RECURSION = YES;
				CLANG_WARN_INT_CONVERSION = YES;
				CLANG_WARN_NON_LITERAL_NULL_CONVERSION = YES;
				CLANG_WARN_OBJC_IMPLICIT_RETAIN_SELF = YES;
				CLANG_WARN_OBJC_LITERAL_CONVERSION = YES;
				CLANG_WARN_OBJC_ROOT_CLASS = YES_ERROR;
				CLANG_WARN_QUOTED_INCLUDE_IN_FRAMEWORK_HEADER = YES;
				CLANG_WARN_RANGE_LOOP_ANALYSIS = YES;
				CLANG_WARN_STRICT_PROTOTYPES = YES;
				CLANG_WARN_SUSPICIOUS_MOVE = YES;
				CLANG_WARN_UNGUARDED_AVAILABILITY = YES_AGGRESSIVE;
				CLANG_WARN_UNREACHABLE_CODE = YES;
				CLANG_WARN__DUPLICATE_METHOD_MATCH = YES;
				COPY_PHASE_STRIP = NO;
				DEBUG_INFORMATION_FORMAT = dwarf;
				ENABLE_STRICT_OBJC_MSGSEND = YES;
				ENABLE_TESTABILITY = YES;
				GCC_C_LANGUAGE_STANDARD = gnu11;
				GCC_DYNAMIC_NO_PIC = NO;
				GCC_NO_COMMON_BLOCKS = YES;
				GCC_OPTIMIZATION_LEVEL = 0;
				GCC_PREPROCESSOR_DEFINITIONS = (
					"DEBUG=1",
					"$(inherited)",
				);
				GCC_WARN_64_TO_32_BIT_CONVERSION = YES;
				GCC_WARN_ABOUT_RETURN_TYPE = YES_ERROR;
				GCC_WARN_UNDECLARED_SELECTOR = YES;
				GCC_WARN_UNINITIALIZED_AUTOS = YES_AGGRESSIVE;
				GCC_WARN_UNUSED_FUNCTION = YES;
				GCC_WARN_UNUSED_VARIABLE = YES;
				IPHONEOS_DEPLOYMENT_TARGET = 14.0;
				MTL_ENABLE_DEBUG_INFO = INCLUDE_SOURCE;
				MTL_FAST_MATH = YES;
				ONLY_ACTIVE_ARCH = YES;
				SDKROOT = iphoneos;
				SWIFT_ACTIVE_COMPILATION_CONDITIONS = DEBUG;
				SWIFT_OPTIMIZATION_LEVEL = "-Onone";
			};
			name = Debug;
		};
		5B6F7B672516A86C005B9316 /* Release */ = {
			isa = XCBuildConfiguration;
			buildSettings = {
				ALWAYS_SEARCH_USER_PATHS = NO;
				CLANG_ANALYZER_NONNULL = YES;
				CLANG_ANALYZER_NUMBER_OBJECT_CONVERSION = YES_AGGRESSIVE;
				CLANG_CXX_LANGUAGE_STANDARD = "gnu++14";
				CLANG_CXX_LIBRARY = "libc++";
				CLANG_ENABLE_MODULES = YES;
				CLANG_ENABLE_OBJC_ARC = YES;
				CLANG_ENABLE_OBJC_WEAK = YES;
				CLANG_WARN_BLOCK_CAPTURE_AUTORELEASING = YES;
				CLANG_WARN_BOOL_CONVERSION = YES;
				CLANG_WARN_COMMA = YES;
				CLANG_WARN_CONSTANT_CONVERSION = YES;
				CLANG_WARN_DEPRECATED_OBJC_IMPLEMENTATIONS = YES;
				CLANG_WARN_DIRECT_OBJC_ISA_USAGE = YES_ERROR;
				CLANG_WARN_DOCUMENTATION_COMMENTS = YES;
				CLANG_WARN_EMPTY_BODY = YES;
				CLANG_WARN_ENUM_CONVERSION = YES;
				CLANG_WARN_INFINITE_RECURSION = YES;
				CLANG_WARN_INT_CONVERSION = YES;
				CLANG_WARN_NON_LITERAL_NULL_CONVERSION = YES;
				CLANG_WARN_OBJC_IMPLICIT_RETAIN_SELF = YES;
				CLANG_WARN_OBJC_LITERAL_CONVERSION = YES;
				CLANG_WARN_OBJC_ROOT_CLASS = YES_ERROR;
				CLANG_WARN_QUOTED_INCLUDE_IN_FRAMEWORK_HEADER = YES;
				CLANG_WARN_RANGE_LOOP_ANALYSIS = YES;
				CLANG_WARN_STRICT_PROTOTYPES = YES;
				CLANG_WARN_SUSPICIOUS_MOVE = YES;
				CLANG_WARN_UNGUARDED_AVAILABILITY = YES_AGGRESSIVE;
				CLANG_WARN_UNREACHABLE_CODE = YES;
				CLANG_WARN__DUPLICATE_METHOD_MATCH = YES;
				COPY_PHASE_STRIP = NO;
				DEBUG_INFORMATION_FORMAT = "dwarf-with-dsym";
				ENABLE_NS_ASSERTIONS = NO;
				ENABLE_STRICT_OBJC_MSGSEND = YES;
				GCC_C_LANGUAGE_STANDARD = gnu11;
				GCC_NO_COMMON_BLOCKS = YES;
				GCC_WARN_64_TO_32_BIT_CONVERSION = YES;
				GCC_WARN_ABOUT_RETURN_TYPE = YES_ERROR;
				GCC_WARN_UNDECLARED_SELECTOR = YES;
				GCC_WARN_UNINITIALIZED_AUTOS = YES_AGGRESSIVE;
				GCC_WARN_UNUSED_FUNCTION = YES;
				GCC_WARN_UNUSED_VARIABLE = YES;
				IPHONEOS_DEPLOYMENT_TARGET = 14.0;
				MTL_ENABLE_DEBUG_INFO = NO;
				MTL_FAST_MATH = YES;
				SDKROOT = iphoneos;
				SWIFT_COMPILATION_MODE = wholemodule;
				SWIFT_OPTIMIZATION_LEVEL = "-O";
				VALIDATE_PRODUCT = YES;
			};
			name = Release;
		};
		5B6F7B692516A86C005B9316 /* Debug */ = {
			isa = XCBuildConfiguration;
			baseConfigurationReference = 1D21878813FAE7B55B43173B /* Pods-DemoProject.debug.xcconfig */;
			buildSettings = {
				ASSETCATALOG_COMPILER_APPICON_NAME = AppIcon;
				ASSETCATALOG_COMPILER_GLOBAL_ACCENT_COLOR_NAME = AccentColor;
				CODE_SIGN_ENTITLEMENTS = DemoProject/DemoProject.entitlements;
				CODE_SIGN_STYLE = Automatic;
				DEVELOPMENT_TEAM = HR53Z6QYA3;
				INFOPLIST_FILE = DemoProject/Info.plist;
				IPHONEOS_DEPLOYMENT_TARGET = 14.0;
				LD_RUNPATH_SEARCH_PATHS = (
					"$(inherited)",
					"@executable_path/Frameworks",
				);
				PRODUCT_BUNDLE_IDENTIFIER = hakan.DemoProject;
				PRODUCT_NAME = "$(TARGET_NAME)";
				SWIFT_VERSION = 5.0;
				TARGETED_DEVICE_FAMILY = "1,2";
			};
			name = Debug;
		};
		5B6F7B6A2516A86C005B9316 /* Release */ = {
			isa = XCBuildConfiguration;
			baseConfigurationReference = 1F825CC7299068CB8B80D0D6 /* Pods-DemoProject.release.xcconfig */;
			buildSettings = {
				ASSETCATALOG_COMPILER_APPICON_NAME = AppIcon;
				ASSETCATALOG_COMPILER_GLOBAL_ACCENT_COLOR_NAME = AccentColor;
				CODE_SIGN_ENTITLEMENTS = DemoProject/DemoProject.entitlements;
				CODE_SIGN_STYLE = Automatic;
				DEVELOPMENT_TEAM = HR53Z6QYA3;
				INFOPLIST_FILE = DemoProject/Info.plist;
				IPHONEOS_DEPLOYMENT_TARGET = 14.0;
				LD_RUNPATH_SEARCH_PATHS = (
					"$(inherited)",
					"@executable_path/Frameworks",
				);
				PRODUCT_BUNDLE_IDENTIFIER = hakan.DemoProject;
				PRODUCT_NAME = "$(TARGET_NAME)";
				SWIFT_VERSION = 5.0;
				TARGETED_DEVICE_FAMILY = "1,2";
			};
			name = Release;
		};
		5B6F7B6C2516A86C005B9316 /* Debug */ = {
			isa = XCBuildConfiguration;
			baseConfigurationReference = 0BC0460BA29ADA52A8952E43 /* Pods-DemoProjectTests.debug.xcconfig */;
			buildSettings = {
				ALWAYS_EMBED_SWIFT_STANDARD_LIBRARIES = YES;
				BUNDLE_LOADER = "$(TEST_HOST)";
				CODE_SIGN_STYLE = Automatic;
				DEVELOPMENT_TEAM = HR53Z6QYA3;
				INFOPLIST_FILE = DemoProjectTests/Info.plist;
				IPHONEOS_DEPLOYMENT_TARGET = 14.0;
				LD_RUNPATH_SEARCH_PATHS = (
					"$(inherited)",
					"@executable_path/Frameworks",
					"@loader_path/Frameworks",
				);
				PRODUCT_BUNDLE_IDENTIFIER = hakan.DemoProjectTests;
				PRODUCT_NAME = "$(TARGET_NAME)";
				SWIFT_VERSION = 5.0;
				TARGETED_DEVICE_FAMILY = "1,2";
				TEST_HOST = "$(BUILT_PRODUCTS_DIR)/DemoProject.app/DemoProject";
			};
			name = Debug;
		};
		5B6F7B6D2516A86C005B9316 /* Release */ = {
			isa = XCBuildConfiguration;
			baseConfigurationReference = 199CDA1814BA992202857F89 /* Pods-DemoProjectTests.release.xcconfig */;
			buildSettings = {
				ALWAYS_EMBED_SWIFT_STANDARD_LIBRARIES = YES;
				BUNDLE_LOADER = "$(TEST_HOST)";
				CODE_SIGN_STYLE = Automatic;
				DEVELOPMENT_TEAM = HR53Z6QYA3;
				INFOPLIST_FILE = DemoProjectTests/Info.plist;
				IPHONEOS_DEPLOYMENT_TARGET = 14.0;
				LD_RUNPATH_SEARCH_PATHS = (
					"$(inherited)",
					"@executable_path/Frameworks",
					"@loader_path/Frameworks",
				);
				PRODUCT_BUNDLE_IDENTIFIER = hakan.DemoProjectTests;
				PRODUCT_NAME = "$(TARGET_NAME)";
				SWIFT_VERSION = 5.0;
				TARGETED_DEVICE_FAMILY = "1,2";
				TEST_HOST = "$(BUILT_PRODUCTS_DIR)/DemoProject.app/DemoProject";
			};
			name = Release;
		};
		5B6F7B6F2516A86C005B9316 /* Debug */ = {
			isa = XCBuildConfiguration;
			baseConfigurationReference = 73FDBCF3571327D68695CB8A /* Pods-DemoProject-DemoProjectUITests.debug.xcconfig */;
			buildSettings = {
				ALWAYS_EMBED_SWIFT_STANDARD_LIBRARIES = YES;
				CODE_SIGN_STYLE = Automatic;
				DEVELOPMENT_TEAM = HR53Z6QYA3;
				INFOPLIST_FILE = DemoProjectUITests/Info.plist;
				LD_RUNPATH_SEARCH_PATHS = (
					"$(inherited)",
					"@executable_path/Frameworks",
					"@loader_path/Frameworks",
				);
				PRODUCT_BUNDLE_IDENTIFIER = hakan.DemoProjectUITests;
				PRODUCT_NAME = "$(TARGET_NAME)";
				SWIFT_VERSION = 5.0;
				TARGETED_DEVICE_FAMILY = "1,2";
				TEST_TARGET_NAME = DemoProject;
			};
			name = Debug;
		};
		5B6F7B702516A86C005B9316 /* Release */ = {
			isa = XCBuildConfiguration;
			baseConfigurationReference = E21B668FFC833B6AAFB11CA9 /* Pods-DemoProject-DemoProjectUITests.release.xcconfig */;
			buildSettings = {
				ALWAYS_EMBED_SWIFT_STANDARD_LIBRARIES = YES;
				CODE_SIGN_STYLE = Automatic;
				DEVELOPMENT_TEAM = HR53Z6QYA3;
				INFOPLIST_FILE = DemoProjectUITests/Info.plist;
				LD_RUNPATH_SEARCH_PATHS = (
					"$(inherited)",
					"@executable_path/Frameworks",
					"@loader_path/Frameworks",
				);
				PRODUCT_BUNDLE_IDENTIFIER = hakan.DemoProjectUITests;
				PRODUCT_NAME = "$(TARGET_NAME)";
				SWIFT_VERSION = 5.0;
				TARGETED_DEVICE_FAMILY = "1,2";
				TEST_TARGET_NAME = DemoProject;
			};
			name = Release;
		};
/* End XCBuildConfiguration section */

/* Begin XCConfigurationList section */
		5B6F7B392516A86B005B9316 /* Build configuration list for PBXProject "DemoProject" */ = {
			isa = XCConfigurationList;
			buildConfigurations = (
				5B6F7B662516A86C005B9316 /* Debug */,
				5B6F7B672516A86C005B9316 /* Release */,
			);
			defaultConfigurationIsVisible = 0;
			defaultConfigurationName = Release;
		};
		5B6F7B682516A86C005B9316 /* Build configuration list for PBXNativeTarget "DemoProject" */ = {
			isa = XCConfigurationList;
			buildConfigurations = (
				5B6F7B692516A86C005B9316 /* Debug */,
				5B6F7B6A2516A86C005B9316 /* Release */,
			);
			defaultConfigurationIsVisible = 0;
			defaultConfigurationName = Release;
		};
		5B6F7B6B2516A86C005B9316 /* Build configuration list for PBXNativeTarget "DemoProjectTests" */ = {
			isa = XCConfigurationList;
			buildConfigurations = (
				5B6F7B6C2516A86C005B9316 /* Debug */,
				5B6F7B6D2516A86C005B9316 /* Release */,
			);
			defaultConfigurationIsVisible = 0;
			defaultConfigurationName = Release;
		};
		5B6F7B6E2516A86C005B9316 /* Build configuration list for PBXNativeTarget "DemoProjectUITests" */ = {
			isa = XCConfigurationList;
			buildConfigurations = (
				5B6F7B6F2516A86C005B9316 /* Debug */,
				5B6F7B702516A86C005B9316 /* Release */,
			);
			defaultConfigurationIsVisible = 0;
			defaultConfigurationName = Release;
		};
/* End XCConfigurationList section */
	};
	rootObject = 5B6F7B362516A86B005B9316 /* Project object */;
}
